
Microsoft Visual Studio Solution File, Format Version 9.00
# Visual C++ Express 2005
Project("{8BC9CEB8-8B4A-11D0-8D11-00A0C91BC942}") = "talkfilters", "talkfilters.vcproj", "{69F5DCE7-F24F-4BF5-ADB4-3EEE05A1E0B0}"
EndProject
Project("{8BC9CEB8-8B4A-11D0-8D11-00A0C91BC942}") = "jive", "jive.vcproj", "{74A2018C-C70A-4BD4-B17C-CDB79C665952}"
EndProject
Project("{8BC9CEB8-8B4A-11D0-8D11-00A0C91BC942}") = "valspeak", "valspeak.vcproj", "{4691AAF2-B8E7-43B1-B14E-C46C369939FF}"
EndProject
Project("{8BC9CEB8-8B4A-11D0-8D11-00A0C91BC942}") = "warez", "warez.vcproj", "{69FB15FC-F7E4-45AD-AEED-8668CFAB7E9B}"
EndProject
Project("{8BC9CEB8-8B4A-11D0-8D11-00A0C91BC942}") = "kraut", "kraut.vcproj", "{38E5F4FD-5440-4080-8261-7440CC5C7375}"
EndProject
Project("{8BC9CEB8-8B4A-11D0-8D11-00A0C91BC942}") = "austro", "austro.vcproj", "{C793F479-D373-4984-9170-ACB1604CCAC3}"
EndProject
Project("{8BC9CEB8-8B4A-11D0-8D11-00A0C91BC942}") = "b1ff", "b1ff.vcproj", "{D876F3A7-D38D-4ADC-8E2A-927C88363FEA}"
EndProject
Project("{8BC9CEB8-8B4A-11D0-8D11-00A0C91BC942}") = "brooklyn", "brooklyn.vcproj", "{A02DACFE-8B71-4BCB-AE8B-381AC81C9F10}"
EndProject
Project("{8BC9CEB8-8B4A-11D0-8D11-00A0C91BC942}") = "chef", "chef.vcproj", "{742D6591-9D39-4513-AF8D-6CB47B13C6C3}"
EndProject
Project("{8BC9CEB8-8B4A-11D0-8D11-00A0C91BC942}") = "cockney", "cockney.vcproj", "{3289D467-6173-49B4-9E7E-8098D959BBDA}"
EndProject
Project("{8BC9CEB8-8B4A-11D0-8D11-00A0C91BC942}") = "drawl", "drawl.vcproj", "{2B81129D-CB20-4276-9300-29347A1AA220}"
EndProject
Project("{8BC9CEB8-8B4A-11D0-8D11-00A0C91BC942}") = "dubya", "dubya.vcproj", "{7CBCB0BE-8144-47CA-B697-3AA92A8BDE1E}"
EndProject
Project("{8BC9CEB8-8B4A-11D0-8D11-00A0C91BC942}") = "fudd", "fudd.vcproj", "{FC23ECAB-295A-4BFD-B67A-97D25BA1BC47}"
EndProject
Project("{8BC9CEB8-8B4A-11D0-8D11-00A0C91BC942}") = "funetak", "funetak.vcproj", "{C5A1161E-4A3F-4433-B595-A192BD851AB4}"
EndProject
Project("{8BC9CEB8-8B4A-11D0-8D11-00A0C91BC942}") = "jethro", "jethro.vcproj", "{C5BF6F5B-14CD-41D2-B870-7CC4586D5C41}"
EndProject
Project("{8BC9CEB8-8B4A-11D0-8D11-00A0C91BC942}") = "pansy", "pansy.vcproj", "{8B5CF214-2F60-4C22-B59D-0C75687B1921}"
EndProject
Project("{8BC9CEB8-8B4A-11D0-8D11-00A0C91BC942}") = "pirate", "pirate.vcproj", "{6FE67939-5755-4BCF-9FD8-39638F88600D}"
EndProject
Project("{8BC9CEB8-8B4A-11D0-8D11-00A0C91BC942}") = "postmodern", "postmodern.vcproj", "{F8C57BD5-EFD3-4A0A-8C1E-03AF02555556}"
EndProject
Project("{8BC9CEB8-8B4A-11D0-8D11-00A0C91BC942}") = "redneck", "redneck.vcproj", "{50A4205C-CFAB-401C-8F07-F5AE697709C8}"
EndProject
Project("{8BC9CEB8-8B4A-11D0-8D11-00A0C91BC942}") = "wrap", "wrap.vcproj", "{D8F7C19C-80C3-4518-B9C3-D534AC26BAC8}"
EndProject
Global
	GlobalSection(SolutionConfigurationPlatforms) = preSolution
		Debug|Win32 = Debug|Win32
		Release|Win32 = Release|Win32
	EndGlobalSection
	GlobalSection(ProjectConfigurationPlatforms) = postSolution
		{69F5DCE7-F24F-4BF5-ADB4-3EEE05A1E0B0}.Debug|Win32.ActiveCfg = Debug|Win32
		{69F5DCE7-F24F-4BF5-ADB4-3EEE05A1E0B0}.Debug|Win32.Build.0 = Debug|Win32
		{69F5DCE7-F24F-4BF5-ADB4-3EEE05A1E0B0}.Release|Win32.ActiveCfg = Release|Win32
		{69F5DCE7-F24F-4BF5-ADB4-3EEE05A1E0B0}.Release|Win32.Build.0 = Release|Win32
		{74A2018C-C70A-4BD4-B17C-CDB79C665952}.Debug|Win32.ActiveCfg = Debug|Win32
		{74A2018C-C70A-4BD4-B17C-CDB79C665952}.Debug|Win32.Build.0 = Debug|Win32
		{74A2018C-C70A-4BD4-B17C-CDB79C665952}.Release|Win32.ActiveCfg = Release|Win32
		{74A2018C-C70A-4BD4-B17C-CDB79C665952}.Release|Win32.Build.0 = Release|Win32
		{4691AAF2-B8E7-43B1-B14E-C46C369939FF}.Debug|Win32.ActiveCfg = Debug|Win32
		{4691AAF2-B8E7-43B1-B14E-C46C369939FF}.Debug|Win32.Build.0 = Debug|Win32
		{4691AAF2-B8E7-43B1-B14E-C46C369939FF}.Release|Win32.ActiveCfg = Release|Win32
		{4691AAF2-B8E7-43B1-B14E-C46C369939FF}.Release|Win32.Build.0 = Release|Win32
		{69FB15FC-F7E4-45AD-AEED-8668CFAB7E9B}.Debug|Win32.ActiveCfg = Debug|Win32
		{69FB15FC-F7E4-45AD-AEED-8668CFAB7E9B}.Debug|Win32.Build.0 = Debug|Win32
		{69FB15FC-F7E4-45AD-AEED-8668CFAB7E9B}.Release|Win32.ActiveCfg = Release|Win32
		{69FB15FC-F7E4-45AD-AEED-8668CFAB7E9B}.Release|Win32.Build.0 = Release|Win32
		{38E5F4FD-5440-4080-8261-7440CC5C7375}.Debug|Win32.ActiveCfg = Debug|Win32
		{38E5F4FD-5440-4080-8261-7440CC5C7375}.Debug|Win32.Build.0 = Debug|Win32
		{38E5F4FD-5440-4080-8261-7440CC5C7375}.Release|Win32.ActiveCfg = Release|Win32
		{38E5F4FD-5440-4080-8261-7440CC5C7375}.Release|Win32.Build.0 = Release|Win32
		{C793F479-D373-4984-9170-ACB1604CCAC3}.Debug|Win32.ActiveCfg = Debug|Win32
		{C793F479-D373-4984-9170-ACB1604CCAC3}.Debug|Win32.Build.0 = Debug|Win32
		{C793F479-D373-4984-9170-ACB1604CCAC3}.Release|Win32.ActiveCfg = Release|Win32
		{C793F479-D373-4984-9170-ACB1604CCAC3}.Release|Win32.Build.0 = Release|Win32
		{D876F3A7-D38D-4ADC-8E2A-927C88363FEA}.Debug|Win32.ActiveCfg = Debug|Win32
		{D876F3A7-D38D-4ADC-8E2A-927C88363FEA}.Debug|Win32.Build.0 = Debug|Win32
		{D876F3A7-D38D-4ADC-8E2A-927C88363FEA}.Release|Win32.ActiveCfg = Release|Win32
		{D876F3A7-D38D-4ADC-8E2A-927C88363FEA}.Release|Win32.Build.0 = Release|Win32
		{A02DACFE-8B71-4BCB-AE8B-381AC81C9F10}.Debug|Win32.ActiveCfg = Debug|Win32
		{A02DACFE-8B71-4BCB-AE8B-381AC81C9F10}.Debug|Win32.Build.0 = Debug|Win32
		{A02DACFE-8B71-4BCB-AE8B-381AC81C9F10}.Release|Win32.ActiveCfg = Release|Win32
		{A02DACFE-8B71-4BCB-AE8B-381AC81C9F10}.Release|Win32.Build.0 = Release|Win32
		{742D6591-9D39-4513-AF8D-6CB47B13C6C3}.Debug|Win32.ActiveCfg = Debug|Win32
		{742D6591-9D39-4513-AF8D-6CB47B13C6C3}.Debug|Win32.Build.0 = Debug|Win32
		{742D6591-9D39-4513-AF8D-6CB47B13C6C3}.Release|Win32.ActiveCfg = Release|Win32
		{742D6591-9D39-4513-AF8D-6CB47B13C6C3}.Release|Win32.Build.0 = Release|Win32
		{3289D467-6173-49B4-9E7E-8098D959BBDA}.Debug|Win32.ActiveCfg = Debug|Win32
		{3289D467-6173-49B4-9E7E-8098D959BBDA}.Debug|Win32.Build.0 = Debug|Win32
		{3289D467-6173-49B4-9E7E-8098D959BBDA}.Release|Win32.ActiveCfg = Release|Win32
		{3289D467-6173-49B4-9E7E-8098D959BBDA}.Release|Win32.Build.0 = Release|Win32
		{2B81129D-CB20-4276-9300-29347A1AA220}.Debug|Win32.ActiveCfg = Debug|Win32
		{2B81129D-CB20-4276-9300-29347A1AA220}.Debug|Win32.Build.0 = Debug|Win32
		{2B81129D-CB20-4276-9300-29347A1AA220}.Release|Win32.ActiveCfg = Release|Win32
		{2B81129D-CB20-4276-9300-29347A1AA220}.Release|Win32.Build.0 = Release|Win32
		{7CBCB0BE-8144-47CA-B697-3AA92A8BDE1E}.Debug|Win32.ActiveCfg = Debug|Win32
		{7CBCB0BE-8144-47CA-B697-3AA92A8BDE1E}.Debug|Win32.Build.0 = Debug|Win32
		{7CBCB0BE-8144-47CA-B697-3AA92A8BDE1E}.Release|Win32.ActiveCfg = Release|Win32
		{7CBCB0BE-8144-47CA-B697-3AA92A8BDE1E}.Release|Win32.Build.0 = Release|Win32
		{FC23ECAB-295A-4BFD-B67A-97D25BA1BC47}.Debug|Win32.ActiveCfg = Debug|Win32
		{FC23ECAB-295A-4BFD-B67A-97D25BA1BC47}.Debug|Win32.Build.0 = Debug|Win32
		{FC23ECAB-295A-4BFD-B67A-97D25BA1BC47}.Release|Win32.ActiveCfg = Release|Win32
		{FC23ECAB-295A-4BFD-B67A-97D25BA1BC47}.Release|Win32.Build.0 = Release|Win32
		{C5A1161E-4A3F-4433-B595-A192BD851AB4}.Debug|Win32.ActiveCfg = Debug|Win32
		{C5A1161E-4A3F-4433-B595-A192BD851AB4}.Debug|Win32.Build.0 = Debug|Win32
		{C5A1161E-4A3F-4433-B595-A192BD851AB4}.Release|Win32.ActiveCfg = Release|Win32
		{C5A1161E-4A3F-4433-B595-A192BD851AB4}.Release|Win32.Build.0 = Release|Win32
		{C5BF6F5B-14CD-41D2-B870-7CC4586D5C41}.Debug|Win32.ActiveCfg = Debug|Win32
		{C5BF6F5B-14CD-41D2-B870-7CC4586D5C41}.Debug|Win32.Build.0 = Debug|Win32
		{C5BF6F5B-14CD-41D2-B870-7CC4586D5C41}.Release|Win32.ActiveCfg = Release|Win32
		{C5BF6F5B-14CD-41D2-B870-7CC4586D5C41}.Release|Win32.Build.0 = Release|Win32
		{8B5CF214-2F60-4C22-B59D-0C75687B1921}.Debug|Win32.ActiveCfg = Debug|Win32
		{8B5CF214-2F60-4C22-B59D-0C75687B1921}.Debug|Win32.Build.0 = Debug|Win32
		{8B5CF214-2F60-4C22-B59D-0C75687B1921}.Release|Win32.ActiveCfg = Release|Win32
		{8B5CF214-2F60-4C22-B59D-0C75687B1921}.Release|Win32.Build.0 = Release|Win32
		{6FE67939-5755-4BCF-9FD8-39638F88600D}.Debug|Win32.ActiveCfg = Debug|Win32
		{6FE67939-5755-4BCF-9FD8-39638F88600D}.Debug|Win32.Build.0 = Debug|Win32
		{6FE67939-5755-4BCF-9FD8-39638F88600D}.Release|Win32.ActiveCfg = Release|Win32
		{6FE67939-5755-4BCF-9FD8-39638F88600D}.Release|Win32.Build.0 = Release|Win32
		{F8C57BD5-EFD3-4A0A-8C1E-03AF02555556}.Debug|Win32.ActiveCfg = Debug|Win32
		{F8C57BD5-EFD3-4A0A-8C1E-03AF02555556}.Debug|Win32.Build.0 = Debug|Win32
		{F8C57BD5-EFD3-4A0A-8C1E-03AF02555556}.Release|Win32.ActiveCfg = Release|Win32
		{F8C57BD5-EFD3-4A0A-8C1E-03AF02555556}.Release|Win32.Build.0 = Release|Win32
		{50A4205C-CFAB-401C-8F07-F5AE697709C8}.Debug|Win32.ActiveCfg = Debug|Win32
		{50A4205C-CFAB-401C-8F07-F5AE697709C8}.Debug|Win32.Build.0 = Debug|Win32
		{50A4205C-CFAB-401C-8F07-F5AE697709C8}.Release|Win32.ActiveCfg = Release|Win32
		{50A4205C-CFAB-401C-8F07-F5AE697709C8}.Release|Win32.Build.0 = Release|Win32
		{D8F7C19C-80C3-4518-B9C3-D534AC26BAC8}.Debug|Win32.ActiveCfg = Debug|Win32
		{D8F7C19C-80C3-4518-B9C3-D534AC26BAC8}.Debug|Win32.Build.0 = Debug|Win32
		{D8F7C19C-80C3-4518-B9C3-D534AC26BAC8}.Release|Win32.ActiveCfg = Release|Win32
		{D8F7C19C-80C3-4518-B9C3-D534AC26BAC8}.Release|Win32.Build.0 = Release|Win32
	EndGlobalSection
	GlobalSection(SolutionProperties) = preSolution
		HideSolutionNode = FALSE
	EndGlobalSection
EndGlobal
